{
  "name": "@cyd-prc/dsh-entropy-guard",
  "version": "0.3.3",
  "lockfileVersion": 3,
  "requires": true,
  "packages": {
    "": {
      "name": "@cyd-prc/dsh-entropy-guard",
      "version": "0.3.3",
      "license": "MIT",
      "dependencies": {
        "@cyd-prc/dsh-audit-chain": "0.1.1"
      }
    },
    "node_modules/@cyd-prc/dsh-audit-chain": {
      "version": "0.1.1",
      "resolved": "https://registry.npmjs.org/@cyd-prc/dsh-audit-chain/-/dsh-audit-chain-0.1.1.tgz",
      "integrity": "sha512-LPD0+aaCVidSE/n6OO9srK/dn+mvGKKMRfZ3hZXKs2Q8pknoRhqPYzzXgskU6+QInJvgtqlaHWNxLbfSNtJzTw==",
      "license": "MIT"
    }
  }
}
